
Microsoft Visual Studio Solution File, Format Version 12.00
# Visual Studio 2012
Project("{FAE04EC0-301F-11D3-BF4B-00C04F79EFBC}") = "Book14.8.3", "Book14.8.3\Book14.8.3.csproj", "{B54AFB81-7470-40AE-AED6-CC03779C57BC}"
EndProject
Global
	GlobalSection(SolutionConfigurationPlatforms) = preSolution
		Debug|Any CPU = Debug|Any CPU
		Release|Any CPU = Release|Any CPU
	EndGlobalSection
	GlobalSection(ProjectConfigurationPlatforms) = postSolution
		{B54AFB81-7470-40AE-AED6-CC03779C57BC}.Debug|Any CPU.ActiveCfg = Debug|Any CPU
		{B54AFB81-7470-40AE-AED6-CC03779C57BC}.Debug|Any CPU.Build.0 = Debug|Any CPU
		{B54AFB81-7470-40AE-AED6-CC03779C57BC}.Release|Any CPU.ActiveCfg = Release|Any CPU
		{B54AFB81-7470-40AE-AED6-CC03779C57BC}.Release|Any CPU.Build.0 = Release|Any CPU
	EndGlobalSection
	GlobalSection(SolutionProperties) = preSolution
		HideSolutionNode = FALSE
	EndGlobalSection
EndGlobal
