
Microsoft Visual Studio Solution File, Format Version 12.00
# Visual Studio 2012
Project("{FAE04EC0-301F-11D3-BF4B-00C04F79EFBC}") = "Book13.8.3", "Book13.8.3\Book13.8.3.csproj", "{0EEFA2AC-9C3F-465C-AACE-3CB77F979A7B}"
EndProject
Global
	GlobalSection(SolutionConfigurationPlatforms) = preSolution
		Debug|Any CPU = Debug|Any CPU
		Release|Any CPU = Release|Any CPU
	EndGlobalSection
	GlobalSection(ProjectConfigurationPlatforms) = postSolution
		{0EEFA2AC-9C3F-465C-AACE-3CB77F979A7B}.Debug|Any CPU.ActiveCfg = Debug|Any CPU
		{0EEFA2AC-9C3F-465C-AACE-3CB77F979A7B}.Debug|Any CPU.Build.0 = Debug|Any CPU
		{0EEFA2AC-9C3F-465C-AACE-3CB77F979A7B}.Release|Any CPU.ActiveCfg = Release|Any CPU
		{0EEFA2AC-9C3F-465C-AACE-3CB77F979A7B}.Release|Any CPU.Build.0 = Release|Any CPU
	EndGlobalSection
	GlobalSection(SolutionProperties) = preSolution
		HideSolutionNode = FALSE
	EndGlobalSection
EndGlobal
