
Microsoft Visual Studio Solution File, Format Version 12.00
# Visual Studio 2012
Project("{FAE04EC0-301F-11D3-BF4B-00C04F79EFBC}") = "Book6.5.2", "Book6.5.2\Book6.5.2.csproj", "{3B97C0E9-F0AC-4EC4-B3F7-E4028A354C67}"
EndProject
Global
	GlobalSection(SolutionConfigurationPlatforms) = preSolution
		Debug|Any CPU = Debug|Any CPU
		Release|Any CPU = Release|Any CPU
	EndGlobalSection
	GlobalSection(ProjectConfigurationPlatforms) = postSolution
		{3B97C0E9-F0AC-4EC4-B3F7-E4028A354C67}.Debug|Any CPU.ActiveCfg = Debug|Any CPU
		{3B97C0E9-F0AC-4EC4-B3F7-E4028A354C67}.Debug|Any CPU.Build.0 = Debug|Any CPU
		{3B97C0E9-F0AC-4EC4-B3F7-E4028A354C67}.Release|Any CPU.ActiveCfg = Release|Any CPU
		{3B97C0E9-F0AC-4EC4-B3F7-E4028A354C67}.Release|Any CPU.Build.0 = Release|Any CPU
	EndGlobalSection
	GlobalSection(SolutionProperties) = preSolution
		HideSolutionNode = FALSE
	EndGlobalSection
EndGlobal
