
Microsoft Visual Studio Solution File, Format Version 12.00
# Visual Studio 2012
Project("{FAE04EC0-301F-11D3-BF4B-00C04F79EFBC}") = "Book12.5.1", "Book12.5.1\Book12.5.1.csproj", "{DCF0E03C-4117-4439-92DB-A475314210EB}"
EndProject
Global
	GlobalSection(SolutionConfigurationPlatforms) = preSolution
		Debug|Any CPU = Debug|Any CPU
		Release|Any CPU = Release|Any CPU
	EndGlobalSection
	GlobalSection(ProjectConfigurationPlatforms) = postSolution
		{DCF0E03C-4117-4439-92DB-A475314210EB}.Debug|Any CPU.ActiveCfg = Debug|Any CPU
		{DCF0E03C-4117-4439-92DB-A475314210EB}.Debug|Any CPU.Build.0 = Debug|Any CPU
		{DCF0E03C-4117-4439-92DB-A475314210EB}.Release|Any CPU.ActiveCfg = Release|Any CPU
		{DCF0E03C-4117-4439-92DB-A475314210EB}.Release|Any CPU.Build.0 = Release|Any CPU
	EndGlobalSection
	GlobalSection(SolutionProperties) = preSolution
		HideSolutionNode = FALSE
	EndGlobalSection
EndGlobal
